{
  "pins" : [
    {
      "identity" : "openssl",
      "kind" : "remoteSourceControl",
      "location" : "https://github.com/krzyzanowskim/OpenSSL.git",
      "state" : {
        "revision" : "45545c5729b5597d2d4910a5edd07b1bf42e5839",
        "version" : "1.1.1200"
      }
    },
    {
      "identity" : "swiftzip",
      "kind" : "remoteSourceControl",
      "location" : "https://github.com/SwiftZip/SwiftZip",
      "state" : {
        "revision" : "97c2303d0fcc0bb6ae78a93ee10bdb91a1467c8f",
        "version" : "0.0.5"
      }
    }
  ],
  "version" : 2
}
